
Microsoft Visual Studio Solution File, Format Version 12.00
# Visual Studio Version 17
VisualStudioVersion = 17.10.34928.147
MinimumVisualStudioVersion = 10.0.40219.1
Project("{9A19103F-16F7-4668-BE54-9A1E7A4F7556}") = "CrossCountrySkis", "CrossCountrySkis\CrossCountrySkis.csproj", "{9CADEC71-17F0-488F-84D4-EA4146F854EC}"
EndProject
Project("{FAE04EC0-301F-11D3-BF4B-00C04F79EFBC}") = "CrossCountrySkis.Tests", "CrossCountrySkis.Tests\CrossCountrySkis.Tests.csproj", "{C7E8D4EB-6C03-471F-A68A-433A6505918E}"
	ProjectSection(ProjectDependencies) = postProject
		{9CADEC71-17F0-488F-84D4-EA4146F854EC} = {9CADEC71-17F0-488F-84D4-EA4146F854EC}
	EndProjectSection
EndProject
Global
	GlobalSection(SolutionConfigurationPlatforms) = preSolution
		Debug|Any CPU = Debug|Any CPU
		Release|Any CPU = Release|Any CPU
	EndGlobalSection
	GlobalSection(ProjectConfigurationPlatforms) = postSolution
		{9CADEC71-17F0-488F-84D4-EA4146F854EC}.Debug|Any CPU.ActiveCfg = Debug|Any CPU
		{9CADEC71-17F0-488F-84D4-EA4146F854EC}.Debug|Any CPU.Build.0 = Debug|Any CPU
		{9CADEC71-17F0-488F-84D4-EA4146F854EC}.Release|Any CPU.ActiveCfg = Release|Any CPU
		{9CADEC71-17F0-488F-84D4-EA4146F854EC}.Release|Any CPU.Build.0 = Release|Any CPU
		{C7E8D4EB-6C03-471F-A68A-433A6505918E}.Debug|Any CPU.ActiveCfg = Debug|Any CPU
		{C7E8D4EB-6C03-471F-A68A-433A6505918E}.Debug|Any CPU.Build.0 = Debug|Any CPU
		{C7E8D4EB-6C03-471F-A68A-433A6505918E}.Release|Any CPU.ActiveCfg = Release|Any CPU
		{C7E8D4EB-6C03-471F-A68A-433A6505918E}.Release|Any CPU.Build.0 = Release|Any CPU
	EndGlobalSection
	GlobalSection(SolutionProperties) = preSolution
		HideSolutionNode = FALSE
	EndGlobalSection
	GlobalSection(ExtensibilityGlobals) = postSolution
		SolutionGuid = {934FE377-B370-421A-8534-EB7A31F2EEF3}
	EndGlobalSection
EndGlobal
