
Microsoft Visual Studio Solution File, Format Version 12.00
# Visual Studio Version 17
VisualStudioVersion = 17.10.34928.147
MinimumVisualStudioVersion = 10.0.40219.1
Project("{FAE04EC0-301F-11D3-BF4B-00C04F79EFBC}") = "CrossCountrySkis", "CrossCountrySkis\CrossCountrySkis.csproj", "{9CADEC71-17F0-488F-84D4-EA4146F854EC}"
EndProject
Global
	GlobalSection(SolutionConfigurationPlatforms) = preSolution
		Debug|Any CPU = Debug|Any CPU
		Release|Any CPU = Release|Any CPU
	EndGlobalSection
	GlobalSection(ProjectConfigurationPlatforms) = postSolution
		{9CADEC71-17F0-488F-84D4-EA4146F854EC}.Debug|Any CPU.ActiveCfg = Debug|Any CPU
		{9CADEC71-17F0-488F-84D4-EA4146F854EC}.Debug|Any CPU.Build.0 = Debug|Any CPU
		{9CADEC71-17F0-488F-84D4-EA4146F854EC}.Release|Any CPU.ActiveCfg = Release|Any CPU
		{9CADEC71-17F0-488F-84D4-EA4146F854EC}.Release|Any CPU.Build.0 = Release|Any CPU
	EndGlobalSection
	GlobalSection(SolutionProperties) = preSolution
		HideSolutionNode = FALSE
	EndGlobalSection
	GlobalSection(ExtensibilityGlobals) = postSolution
		SolutionGuid = {934FE377-B370-421A-8534-EB7A31F2EEF3}
	EndGlobalSection
EndGlobal
